
Microsoft Visual Studio Solution File, Format Version 12.00
# Visual Studio Version 17
VisualStudioVersion = 17.14.36327.8 d17.14
MinimumVisualStudioVersion = 10.0.40219.1
Project("{FAE04EC0-301F-11D3-BF4B-00C04F79EFBC}") = "SmartAddress", "SmartAddress.csproj", "{36EC893A-0719-4951-B66E-934FF5195937}"
EndProject
Global
	GlobalSection(SolutionConfigurationPlatforms) = preSolution
		Debug|Any CPU = Debug|Any CPU
		Release|Any CPU = Release|Any CPU
	EndGlobalSection
	GlobalSection(ProjectConfigurationPlatforms) = postSolution
		{36EC893A-0719-4951-B66E-934FF5195937}.Debug|Any CPU.ActiveCfg = Debug|Any CPU
		{36EC893A-0719-4951-B66E-934FF5195937}.Debug|Any CPU.Build.0 = Debug|Any CPU
		{36EC893A-0719-4951-B66E-934FF5195937}.Release|Any CPU.ActiveCfg = Release|Any CPU
		{36EC893A-0719-4951-B66E-934FF5195937}.Release|Any CPU.Build.0 = Release|Any CPU
	EndGlobalSection
	GlobalSection(SolutionProperties) = preSolution
		HideSolutionNode = FALSE
	EndGlobalSection
	GlobalSection(ExtensibilityGlobals) = postSolution
		SolutionGuid = {3A0B836B-6942-4C72-8B56-2E1CAB41D574}
	EndGlobalSection
EndGlobal
